
Microsoft Visual Studio Solution File, Format Version 12.00
# Visual Studio Version 17
VisualStudioVersion = 17.2.32616.157
MinimumVisualStudioVersion = 10.0.40219.1
Project("{FAE04EC0-301F-11D3-BF4B-00C04F79EFBC}") = "OnTapExam1", "OnTapExam1\OnTapExam1.csproj", "{9BE9E8AD-73C0-429E-86C7-75780431015F}"
EndProject
Global
	GlobalSection(SolutionConfigurationPlatforms) = preSolution
		Debug|Any CPU = Debug|Any CPU
		Release|Any CPU = Release|Any CPU
	EndGlobalSection
	GlobalSection(ProjectConfigurationPlatforms) = postSolution
		{9BE9E8AD-73C0-429E-86C7-75780431015F}.Debug|Any CPU.ActiveCfg = Debug|Any CPU
		{9BE9E8AD-73C0-429E-86C7-75780431015F}.Debug|Any CPU.Build.0 = Debug|Any CPU
		{9BE9E8AD-73C0-429E-86C7-75780431015F}.Release|Any CPU.ActiveCfg = Release|Any CPU
		{9BE9E8AD-73C0-429E-86C7-75780431015F}.Release|Any CPU.Build.0 = Release|Any CPU
	EndGlobalSection
	GlobalSection(SolutionProperties) = preSolution
		HideSolutionNode = FALSE
	EndGlobalSection
	GlobalSection(ExtensibilityGlobals) = postSolution
		SolutionGuid = {36660E12-705B-496F-AD90-8378AE403291}
	EndGlobalSection
EndGlobal
